absl-py==0.15.0
astunparse==1.6.3
cachetools==4.2.4
certifi==2026.7.22
charset-normalizer==3.4.9
clang==5.0
flatbuffers==1.12
gast==0.4.0
google-auth==1.35.0
google-auth-oauthlib==0.4.6
google-pasta==0.2.0
grpcio==1.74.0
h5py==3.1.0
idna==3.18
importlib_metadata==8.7.1
keras==2.6.0
Keras-Preprocessing==1.1.2
Markdown==3.9
MarkupSafe==3.0.3
numpy==1.19.5
oauthlib==3.3.1
opt-einsum==3.3.0
packaging==26.2
Pillow==9.5.0
protobuf==3.20.3
pyasn1==0.6.4
pyasn1_modules==0.4.2
requests==2.32.5
requests-oauthlib==2.0.0
rsa==4.9.1
scipy==1.7.3
six==1.15.0
tensorboard==2.6.0
tensorboard-data-server==0.6.1
tensorboard-plugin-wit==1.8.1
tensorflow==2.6.2
tensorflow-estimator==2.6.0
termcolor==1.1.0
typing-extensions==3.7.4.3
urllib3==2.6.3
Werkzeug==3.1.8
wrapt==1.12.1
zipp==3.23.1
